# THIS IS AN AUTOGENERATED FILE. DO NOT EDIT THIS FILE DIRECTLY.
# yarn lockfile v1


"@types/node@*":
  version "8.5.2"
  resolved "https://registry.yarnpkg.com/@types/node/-/node-8.5.2.tgz#83b8103fa9a2c2e83d78f701a9aa7c9539739aa5"

ansi-regex@^2.0.0:
  version "2.1.1"
  resolved "https://registry.yarnpkg.com/ansi-regex/-/ansi-regex-2.1.1.tgz#c3b33ab5ee360d86e0e628f0468ae7ef27d654df"

ansi-regex@^3.0.0:
  version "3.0.0"
  resolved "https://registry.yarnpkg.com/ansi-regex/-/ansi-regex-3.0.0.tgz#ed0317c322064f79466c02966bddb605ab37d998"

boolbase@~1.0.0:
  version "1.0.0"
  resolved "https://registry.yarnpkg.com/boolbase/-/boolbase-1.0.0.tgz#68dff5fbe60c51eb37725ea9e3ed310dcc1e776e"

camelcase@^4.1.0:
  version "4.1.0"
  resolved "https://registry.yarnpkg.com/camelcase/-/camelcase-4.1.0.tgz#d545635be1e33c542649c69173e5de6acfae34dd"

capture-stack-trace@^1.0.0:
  version "1.0.0"
  resolved "https://registry.yarnpkg.com/capture-stack-trace/-/capture-stack-trace-1.0.0.tgz#4a6fa07399c26bba47f0b2496b4d0fb408c5550d"

cheerio@^1.0.0-rc.2:
  version "1.0.0-rc.2"
  resolved "https://registry.yarnpkg.com/cheerio/-/cheerio-1.0.0-rc.2.tgz#4b9f53a81b27e4d5dac31c0ffd0cfa03cc6830db"
  dependencies:
    css-select "~1.2.0"
    dom-serializer "~0.1.0"
    entities "~1.1.1"
    htmlparser2 "^3.9.1"
    lodash "^4.15.0"
    parse5 "^3.0.1"

cliui@^3.2.0:
  version "3.2.0"
  resolved "https://registry.yarnpkg.com/cliui/-/cliui-3.2.0.tgz#120601537a916d29940f934da3b48d585a39213d"
  dependencies:
    string-width "^1.0.1"
    strip-ansi "^3.0.1"
    wrap-ansi "^2.0.0"

code-point-at@^1.0.0:
  version "1.1.0"
  resolved "https://registry.yarnpkg.com/code-point-at/-/code-point-at-1.1.0.tgz#0d070b4d043a5bea33a2f1a40e2edb3d9a4ccf77"

configstore@^2.0.0:
  version "2.1.0"
  resolved "https://registry.yarnpkg.com/configstore/-/configstore-2.1.0.tgz#737a3a7036e9886102aa6099e47bb33ab1aba1a1"
  dependencies:
    dot-prop "^3.0.0"
    graceful-fs "^4.1.2"
    mkdirp "^0.5.0"
    object-assign "^4.0.1"
    os-tmpdir "^1.0.0"
    osenv "^0.1.0"
    uuid "^2.0.1"
    write-file-atomic "^1.1.2"
    xdg-basedir "^2.0.0"

core-util-is@~1.0.0:
  version "1.0.2"
  resolved "https://registry.yarnpkg.com/core-util-is/-/core-util-is-1.0.2.tgz#b5fd54220aa2bc5ab57aab7140c940754503c1a7"

create-error-class@^3.0.0:
  version "3.0.2"
  resolved "https://registry.yarnpkg.com/create-error-class/-/create-error-class-3.0.2.tgz#06be7abef947a3f14a30fd610671d401bca8b7b6"
  dependencies:
    capture-stack-trace "^1.0.0"

cross-spawn@^5.0.1:
  version "5.1.0"
  resolved "https://registry.yarnpkg.com/cross-spawn/-/cross-spawn-5.1.0.tgz#e8bd0efee58fcff6f8f94510a0a554bbfa235449"
  dependencies:
    lru-cache "^4.0.1"
    shebang-command "^1.2.0"
    which "^1.2.9"

css-select@~1.2.0:
  version "1.2.0"
  resolved "https://registry.yarnpkg.com/css-select/-/css-select-1.2.0.tgz#2b3a110539c5355f1cd8d314623e870b121ec858"
  dependencies:
    boolbase "~1.0.0"
    css-what "2.1"
    domutils "1.5.1"
    nth-check "~1.0.1"

css-what@2.1:
  version "2.1.0"
  resolved "https://registry.yarnpkg.com/css-what/-/css-what-2.1.0.tgz#9467d032c38cfaefb9f2d79501253062f87fa1bd"

decamelize@^1.1.1:
  version "1.2.0"
  resolved "https://registry.yarnpkg.com/decamelize/-/decamelize-1.2.0.tgz#f6534d15148269b20352e7bee26f501f9a191290"

dom-serializer@0, dom-serializer@~0.1.0:
  version "0.1.0"
  resolved "https://registry.yarnpkg.com/dom-serializer/-/dom-serializer-0.1.0.tgz#073c697546ce0780ce23be4a28e293e40bc30c82"
  dependencies:
    domelementtype "~1.1.1"
    entities "~1.1.1"

domelementtype@1, domelementtype@^1.3.0:
  version "1.3.0"
  resolved "https://registry.yarnpkg.com/domelementtype/-/domelementtype-1.3.0.tgz#b17aed82e8ab59e52dd9c19b1756e0fc187204c2"

domelementtype@~1.1.1:
  version "1.1.3"
  resolved "https://registry.yarnpkg.com/domelementtype/-/domelementtype-1.1.3.tgz#bd28773e2642881aec51544924299c5cd822185b"

domhandler@^2.3.0:
  version "2.4.1"
  resolved "https://registry.yarnpkg.com/domhandler/-/domhandler-2.4.1.tgz#892e47000a99be55bbf3774ffea0561d8879c259"
  dependencies:
    domelementtype "1"

domutils@1.5.1:
  version "1.5.1"
  resolved "https://registry.yarnpkg.com/domutils/-/domutils-1.5.1.tgz#dcd8488a26f563d61079e48c9f7b7e32373682cf"
  dependencies:
    dom-serializer "0"
    domelementtype "1"

domutils@^1.5.1:
  version "1.6.2"
  resolved "https://registry.yarnpkg.com/domutils/-/domutils-1.6.2.tgz#1958cc0b4c9426e9ed367fb1c8e854891b0fa3ff"
  dependencies:
    dom-serializer "0"
    domelementtype "1"

dot-prop@^3.0.0:
  version "3.0.0"
  resolved "https://registry.yarnpkg.com/dot-prop/-/dot-prop-3.0.0.tgz#1b708af094a49c9a0e7dbcad790aba539dac1177"
  dependencies:
    is-obj "^1.0.0"

duplexer3@^0.1.4:
  version "0.1.4"
  resolved "https://registry.yarnpkg.com/duplexer3/-/duplexer3-0.1.4.tgz#ee01dd1cac0ed3cbc7fdbea37dc0a8f1ce002ce2"

entities@^1.1.1, entities@~1.1.1:
  version "1.1.1"
  resolved "https://registry.yarnpkg.com/entities/-/entities-1.1.1.tgz#6e5c2d0a5621b5dadaecef80b90edfb5cd7772f0"

execa@^0.7.0:
  version "0.7.0"
  resolved "https://registry.yarnpkg.com/execa/-/execa-0.7.0.tgz#944becd34cc41ee32a63a9faf27ad5a65fc59777"
  dependencies:
    cross-spawn "^5.0.1"
    get-stream "^3.0.0"
    is-stream "^1.1.0"
    npm-run-path "^2.0.0"
    p-finally "^1.0.0"
    signal-exit "^3.0.0"
    strip-eof "^1.0.0"

find-up@^2.1.0:
  version "2.1.0"
  resolved "https://registry.yarnpkg.com/find-up/-/find-up-2.1.0.tgz#45d1b7e506c717ddd482775a2b77920a3c0c57a7"
  dependencies:
    locate-path "^2.0.0"

get-caller-file@^1.0.1:
  version "1.0.2"
  resolved "https://registry.yarnpkg.com/get-caller-file/-/get-caller-file-1.0.2.tgz#f702e63127e7e231c160a80c1554acb70d5047e5"

get-stream@^3.0.0:
  version "3.0.0"
  resolved "https://registry.yarnpkg.com/get-stream/-/get-stream-3.0.0.tgz#8e943d1358dc37555054ecbe2edb05aa174ede14"

google-translate-api@^2.3.0:
  version "2.3.0"
  resolved "https://registry.yarnpkg.com/google-translate-api/-/google-translate-api-2.3.0.tgz#626730a123da0d57af3735dd707cda71cee919c7"
  dependencies:
    configstore "^2.0.0"
    google-translate-token latest
    got "^6.3.0"
    safe-eval "^0.3.0"

google-translate-token@latest:
  version "1.0.0"
  resolved "https://registry.yarnpkg.com/google-translate-token/-/google-translate-token-1.0.0.tgz#be943445786f00c3765dec31f490dac21228d3f8"
  dependencies:
    configstore "^2.0.0"
    got "^6.3.0"

got@^6.3.0:
  version "6.7.1"
  resolved "https://registry.yarnpkg.com/got/-/got-6.7.1.tgz#240cd05785a9a18e561dc1b44b41c763ef1e8db0"
  dependencies:
    create-error-class "^3.0.0"
    duplexer3 "^0.1.4"
    get-stream "^3.0.0"
    is-redirect "^1.0.0"
    is-retry-allowed "^1.0.0"
    is-stream "^1.0.0"
    lowercase-keys "^1.0.0"
    safe-buffer "^5.0.1"
    timed-out "^4.0.0"
    unzip-response "^2.0.1"
    url-parse-lax "^1.0.0"

graceful-fs@^4.1.11, graceful-fs@^4.1.2:
  version "4.1.11"
  resolved "https://registry.yarnpkg.com/graceful-fs/-/graceful-fs-4.1.11.tgz#0e8bdfe4d1ddb8854d64e04ea7c00e2a026e5658"

htmlparser2@^3.9.1:
  version "3.9.2"
  resolved "https://registry.yarnpkg.com/htmlparser2/-/htmlparser2-3.9.2.tgz#1bdf87acca0f3f9e53fa4fcceb0f4b4cbb00b338"
  dependencies:
    domelementtype "^1.3.0"
    domhandler "^2.3.0"
    domutils "^1.5.1"
    entities "^1.1.1"
    inherits "^2.0.1"
    readable-stream "^2.0.2"

imurmurhash@^0.1.4:
  version "0.1.4"
  resolved "https://registry.yarnpkg.com/imurmurhash/-/imurmurhash-0.1.4.tgz#9218b9b2b928a238b13dc4fb6b6d576f231453ea"

inherits@^2.0.1, inherits@~2.0.3:
  version "2.0.3"
  resolved "https://registry.yarnpkg.com/inherits/-/inherits-2.0.3.tgz#633c2c83e3da42a502f52466022480f4208261de"

invert-kv@^1.0.0:
  version "1.0.0"
  resolved "https://registry.yarnpkg.com/invert-kv/-/invert-kv-1.0.0.tgz#104a8e4aaca6d3d8cd157a8ef8bfab2d7a3ffdb6"

is-fullwidth-code-point@^1.0.0:
  version "1.0.0"
  resolved "https://registry.yarnpkg.com/is-fullwidth-code-point/-/is-fullwidth-code-point-1.0.0.tgz#ef9e31386f031a7f0d643af82fde50c457ef00cb"
  dependencies:
    number-is-nan "^1.0.0"

is-fullwidth-code-point@^2.0.0:
  version "2.0.0"
  resolved "https://registry.yarnpkg.com/is-fullwidth-code-point/-/is-fullwidth-code-point-2.0.0.tgz#a3b30a5c4f199183167aaab93beefae3ddfb654f"

is-obj@^1.0.0:
  version "1.0.1"
  resolved "https://registry.yarnpkg.com/is-obj/-/is-obj-1.0.1.tgz#3e4729ac1f5fde025cd7d83a896dab9f4f67db0f"

is-redirect@^1.0.0:
  version "1.0.0"
  resolved "https://registry.yarnpkg.com/is-redirect/-/is-redirect-1.0.0.tgz#1d03dded53bd8db0f30c26e4f95d36fc7c87dc24"

is-retry-allowed@^1.0.0:
  version "1.1.0"
  resolved "https://registry.yarnpkg.com/is-retry-allowed/-/is-retry-allowed-1.1.0.tgz#11a060568b67339444033d0125a61a20d564fb34"

is-stream@^1.0.0, is-stream@^1.1.0:
  version "1.1.0"
  resolved "https://registry.yarnpkg.com/is-stream/-/is-stream-1.1.0.tgz#12d4a3dd4e68e0b79ceb8dbc84173ae80d91ca44"

isarray@~1.0.0:
  version "1.0.0"
  resolved "https://registry.yarnpkg.com/isarray/-/isarray-1.0.0.tgz#bb935d48582cba168c06834957a54a3e07124f11"

isexe@^2.0.0:
  version "2.0.0"
  resolved "https://registry.yarnpkg.com/isexe/-/isexe-2.0.0.tgz#e8fbf374dc556ff8947a10dcb0572d633f2cfa10"

lcid@^1.0.0:
  version "1.0.0"
  resolved "https://registry.yarnpkg.com/lcid/-/lcid-1.0.0.tgz#308accafa0bc483a3867b4b6f2b9506251d1b835"
  dependencies:
    invert-kv "^1.0.0"

locate-path@^2.0.0:
  version "2.0.0"
  resolved "https://registry.yarnpkg.com/locate-path/-/locate-path-2.0.0.tgz#2b568b265eec944c6d9c0de9c3dbbbca0354cd8e"
  dependencies:
    p-locate "^2.0.0"
    path-exists "^3.0.0"

lodash@^4.15.0:
  version "4.17.4"
  resolved "https://registry.yarnpkg.com/lodash/-/lodash-4.17.4.tgz#78203a4d1c328ae1d86dca6460e369b57f4055ae"

lowercase-keys@^1.0.0:
  version "1.0.0"
  resolved "https://registry.yarnpkg.com/lowercase-keys/-/lowercase-keys-1.0.0.tgz#4e3366b39e7f5457e35f1324bdf6f88d0bfc7306"

lru-cache@^4.0.1:
  version "4.1.1"
  resolved "https://registry.yarnpkg.com/lru-cache/-/lru-cache-4.1.1.tgz#622e32e82488b49279114a4f9ecf45e7cd6bba55"
  dependencies:
    pseudomap "^1.0.2"
    yallist "^2.1.2"

mem@^1.1.0:
  version "1.1.0"
  resolved "https://registry.yarnpkg.com/mem/-/mem-1.1.0.tgz#5edd52b485ca1d900fe64895505399a0dfa45f76"
  dependencies:
    mimic-fn "^1.0.0"

mimic-fn@^1.0.0:
  version "1.1.0"
  resolved "https://registry.yarnpkg.com/mimic-fn/-/mimic-fn-1.1.0.tgz#e667783d92e89dbd342818b5230b9d62a672ad18"

minimist@0.0.8:
  version "0.0.8"
  resolved "https://registry.yarnpkg.com/minimist/-/minimist-0.0.8.tgz#857fcabfc3397d2625b8228262e86aa7a011b05d"

mkdirp@^0.5.0:
  version "0.5.1"
  resolved "https://registry.yarnpkg.com/mkdirp/-/mkdirp-0.5.1.tgz#30057438eac6cf7f8c4767f38648d6697d75c903"
  dependencies:
    minimist "0.0.8"

npm-run-path@^2.0.0:
  version "2.0.2"
  resolved "https://registry.yarnpkg.com/npm-run-path/-/npm-run-path-2.0.2.tgz#35a9232dfa35d7067b4cb2ddf2357b1871536c5f"
  dependencies:
    path-key "^2.0.0"

nth-check@~1.0.1:
  version "1.0.1"
  resolved "https://registry.yarnpkg.com/nth-check/-/nth-check-1.0.1.tgz#9929acdf628fc2c41098deab82ac580cf149aae4"
  dependencies:
    boolbase "~1.0.0"

number-is-nan@^1.0.0:
  version "1.0.1"
  resolved "https://registry.yarnpkg.com/number-is-nan/-/number-is-nan-1.0.1.tgz#097b602b53422a522c1afb8790318336941a011d"

object-assign@^4.0.1:
  version "4.1.1"
  resolved "https://registry.yarnpkg.com/object-assign/-/object-assign-4.1.1.tgz#2109adc7965887cfc05cbbd442cac8bfbb360863"

os-homedir@^1.0.0:
  version "1.0.2"
  resolved "https://registry.yarnpkg.com/os-homedir/-/os-homedir-1.0.2.tgz#ffbc4988336e0e833de0c168c7ef152121aa7fb3"

os-locale@^2.0.0:
  version "2.1.0"
  resolved "https://registry.yarnpkg.com/os-locale/-/os-locale-2.1.0.tgz#42bc2900a6b5b8bd17376c8e882b65afccf24bf2"
  dependencies:
    execa "^0.7.0"
    lcid "^1.0.0"
    mem "^1.1.0"

os-tmpdir@^1.0.0:
  version "1.0.2"
  resolved "https://registry.yarnpkg.com/os-tmpdir/-/os-tmpdir-1.0.2.tgz#bbe67406c79aa85c5cfec766fe5734555dfa1274"

osenv@^0.1.0:
  version "0.1.4"
  resolved "https://registry.yarnpkg.com/osenv/-/osenv-0.1.4.tgz#42fe6d5953df06c8064be6f176c3d05aaaa34644"
  dependencies:
    os-homedir "^1.0.0"
    os-tmpdir "^1.0.0"

p-finally@^1.0.0:
  version "1.0.0"
  resolved "https://registry.yarnpkg.com/p-finally/-/p-finally-1.0.0.tgz#3fbcfb15b899a44123b34b6dcc18b724336a2cae"

p-limit@^1.1.0:
  version "1.1.0"
  resolved "https://registry.yarnpkg.com/p-limit/-/p-limit-1.1.0.tgz#b07ff2d9a5d88bec806035895a2bab66a27988bc"

p-locate@^2.0.0:
  version "2.0.0"
  resolved "https://registry.yarnpkg.com/p-locate/-/p-locate-2.0.0.tgz#20a0103b222a70c8fd39cc2e580680f3dde5ec43"
  dependencies:
    p-limit "^1.1.0"

parse5@^3.0.1:
  version "3.0.3"
  resolved "https://registry.yarnpkg.com/parse5/-/parse5-3.0.3.tgz#042f792ffdd36851551cf4e9e066b3874ab45b5c"
  dependencies:
    "@types/node" "*"

path-exists@^3.0.0:
  version "3.0.0"
  resolved "https://registry.yarnpkg.com/path-exists/-/path-exists-3.0.0.tgz#ce0ebeaa5f78cb18925ea7d810d7b59b010fd515"

path-key@^2.0.0:
  version "2.0.1"
  resolved "https://registry.yarnpkg.com/path-key/-/path-key-2.0.1.tgz#411cadb574c5a140d3a4b1910d40d80cc9f40b40"

prepend-http@^1.0.1:
  version "1.0.4"
  resolved "https://registry.yarnpkg.com/prepend-http/-/prepend-http-1.0.4.tgz#d4f4562b0ce3696e41ac52d0e002e57a635dc6dc"

process-nextick-args@~1.0.6:
  version "1.0.7"
  resolved "https://registry.yarnpkg.com/process-nextick-args/-/process-nextick-args-1.0.7.tgz#150e20b756590ad3f91093f25a4f2ad8bff30ba3"

pseudomap@^1.0.2:
  version "1.0.2"
  resolved "https://registry.yarnpkg.com/pseudomap/-/pseudomap-1.0.2.tgz#f052a28da70e618917ef0a8ac34c1ae5a68286b3"

readable-stream@^2.0.2:
  version "2.3.3"
  resolved "https://registry.yarnpkg.com/readable-stream/-/readable-stream-2.3.3.tgz#368f2512d79f9d46fdfc71349ae7878bbc1eb95c"
  dependencies:
    core-util-is "~1.0.0"
    inherits "~2.0.3"
    isarray "~1.0.0"
    process-nextick-args "~1.0.6"
    safe-buffer "~5.1.1"
    string_decoder "~1.0.3"
    util-deprecate "~1.0.1"

require-directory@^2.1.1:
  version "2.1.1"
  resolved "https://registry.yarnpkg.com/require-directory/-/require-directory-2.1.1.tgz#8c64ad5fd30dab1c976e2344ffe7f792a6a6df42"

require-main-filename@^1.0.1:
  version "1.0.1"
  resolved "https://registry.yarnpkg.com/require-main-filename/-/require-main-filename-1.0.1.tgz#97f717b69d48784f5f526a6c5aa8ffdda055a4d1"

safe-buffer@^5.0.1, safe-buffer@~5.1.0, safe-buffer@~5.1.1:
  version "5.1.1"
  resolved "https://registry.yarnpkg.com/safe-buffer/-/safe-buffer-5.1.1.tgz#893312af69b2123def71f57889001671eeb2c853"

safe-eval@^0.3.0:
  version "0.3.0"
  resolved "https://registry.yarnpkg.com/safe-eval/-/safe-eval-0.3.0.tgz#06ce111eebd9c185abaff008ec0fcffc5c5be00c"

set-blocking@^2.0.0:
  version "2.0.0"
  resolved "https://registry.yarnpkg.com/set-blocking/-/set-blocking-2.0.0.tgz#045f9782d011ae9a6803ddd382b24392b3d890f7"

shebang-command@^1.2.0:
  version "1.2.0"
  resolved "https://registry.yarnpkg.com/shebang-command/-/shebang-command-1.2.0.tgz#44aac65b695b03398968c39f363fee5deafdf1ea"
  dependencies:
    shebang-regex "^1.0.0"

shebang-regex@^1.0.0:
  version "1.0.0"
  resolved "https://registry.yarnpkg.com/shebang-regex/-/shebang-regex-1.0.0.tgz#da42f49740c0b42db2ca9728571cb190c98efea3"

signal-exit@^3.0.0:
  version "3.0.2"
  resolved "https://registry.yarnpkg.com/signal-exit/-/signal-exit-3.0.2.tgz#b5fdc08f1287ea1178628e415e25132b73646c6d"

slide@^1.1.5:
  version "1.1.6"
  resolved "https://registry.yarnpkg.com/slide/-/slide-1.1.6.tgz#56eb027d65b4d2dce6cb2e2d32c4d4afc9e1d707"

string-width@^1.0.1:
  version "1.0.2"
  resolved "https://registry.yarnpkg.com/string-width/-/string-width-1.0.2.tgz#118bdf5b8cdc51a2a7e70d211e07e2b0b9b107d3"
  dependencies:
    code-point-at "^1.0.0"
    is-fullwidth-code-point "^1.0.0"
    strip-ansi "^3.0.0"

string-width@^2.0.0:
  version "2.1.1"
  resolved "https://registry.yarnpkg.com/string-width/-/string-width-2.1.1.tgz#ab93f27a8dc13d28cac815c462143a6d9012ae9e"
  dependencies:
    is-fullwidth-code-point "^2.0.0"
    strip-ansi "^4.0.0"

string_decoder@~1.0.3:
  version "1.0.3"
  resolved "https://registry.yarnpkg.com/string_decoder/-/string_decoder-1.0.3.tgz#0fc67d7c141825de94282dd536bec6b9bce860ab"
  dependencies:
    safe-buffer "~5.1.0"

strip-ansi@^3.0.0, strip-ansi@^3.0.1:
  version "3.0.1"
  resolved "https://registry.yarnpkg.com/strip-ansi/-/strip-ansi-3.0.1.tgz#6a385fb8853d952d5ff05d0e8aaf94278dc63dcf"
  dependencies:
    ansi-regex "^2.0.0"

strip-ansi@^4.0.0:
  version "4.0.0"
  resolved "https://registry.yarnpkg.com/strip-ansi/-/strip-ansi-4.0.0.tgz#a8479022eb1ac368a871389b635262c505ee368f"
  dependencies:
    ansi-regex "^3.0.0"

strip-eof@^1.0.0:
  version "1.0.0"
  resolved "https://registry.yarnpkg.com/strip-eof/-/strip-eof-1.0.0.tgz#bb43ff5598a6eb05d89b59fcd129c983313606bf"

timed-out@^4.0.0:
  version "4.0.1"
  resolved "https://registry.yarnpkg.com/timed-out/-/timed-out-4.0.1.tgz#f32eacac5a175bea25d7fab565ab3ed8741ef56f"

unzip-response@^2.0.1:
  version "2.0.1"
  resolved "https://registry.yarnpkg.com/unzip-response/-/unzip-response-2.0.1.tgz#d2f0f737d16b0615e72a6935ed04214572d56f97"

url-parse-lax@^1.0.0:
  version "1.0.0"
  resolved "https://registry.yarnpkg.com/url-parse-lax/-/url-parse-lax-1.0.0.tgz#7af8f303645e9bd79a272e7a14ac68bc0609da73"
  dependencies:
    prepend-http "^1.0.1"

util-deprecate@~1.0.1:
  version "1.0.2"
  resolved "https://registry.yarnpkg.com/util-deprecate/-/util-deprecate-1.0.2.tgz#450d4dc9fa70de732762fbd2d4a28981419a0ccf"

uuid@^2.0.1:
  version "2.0.3"
  resolved "https://registry.yarnpkg.com/uuid/-/uuid-2.0.3.tgz#67e2e863797215530dff318e5bf9dcebfd47b21a"

which-module@^2.0.0:
  version "2.0.0"
  resolved "https://registry.yarnpkg.com/which-module/-/which-module-2.0.0.tgz#d9ef07dce77b9902b8a3a8fa4b31c3e3f7e6e87a"

which@^1.2.9:
  version "1.3.0"
  resolved "https://registry.yarnpkg.com/which/-/which-1.3.0.tgz#ff04bdfc010ee547d780bec38e1ac1c2777d253a"
  dependencies:
    isexe "^2.0.0"

wrap-ansi@^2.0.0:
  version "2.1.0"
  resolved "https://registry.yarnpkg.com/wrap-ansi/-/wrap-ansi-2.1.0.tgz#d8fc3d284dd05794fe84973caecdd1cf824fdd85"
  dependencies:
    string-width "^1.0.1"
    strip-ansi "^3.0.1"

write-file-atomic@^1.1.2:
  version "1.3.4"
  resolved "https://registry.yarnpkg.com/write-file-atomic/-/write-file-atomic-1.3.4.tgz#f807a4f0b1d9e913ae7a48112e6cc3af1991b45f"
  dependencies:
    graceful-fs "^4.1.11"
    imurmurhash "^0.1.4"
    slide "^1.1.5"

xdg-basedir@^2.0.0:
  version "2.0.0"
  resolved "https://registry.yarnpkg.com/xdg-basedir/-/xdg-basedir-2.0.0.tgz#edbc903cc385fc04523d966a335504b5504d1bd2"
  dependencies:
    os-homedir "^1.0.0"

y18n@^3.2.1:
  version "3.2.1"
  resolved "https://registry.yarnpkg.com/y18n/-/y18n-3.2.1.tgz#6d15fba884c08679c0d77e88e7759e811e07fa41"

yallist@^2.1.2:
  version "2.1.2"
  resolved "https://registry.yarnpkg.com/yallist/-/yallist-2.1.2.tgz#1c11f9218f076089a47dd512f93c6699a6a81d52"

yargs-parser@^8.0.0:
  version "8.1.0"
  resolved "https://registry.yarnpkg.com/yargs-parser/-/yargs-parser-8.1.0.tgz#f1376a33b6629a5d063782944da732631e966950"
  dependencies:
    camelcase "^4.1.0"

yargs@^10.0.3:
  version "10.0.3"
  resolved "https://registry.yarnpkg.com/yargs/-/yargs-10.0.3.tgz#6542debd9080ad517ec5048fb454efe9e4d4aaae"
  dependencies:
    cliui "^3.2.0"
    decamelize "^1.1.1"
    find-up "^2.1.0"
    get-caller-file "^1.0.1"
    os-locale "^2.0.0"
    require-directory "^2.1.1"
    require-main-filename "^1.0.1"
    set-blocking "^2.0.0"
    string-width "^2.0.0"
    which-module "^2.0.0"
    y18n "^3.2.1"
    yargs-parser "^8.0.0"
